Microsoft Visual Studio Solution File, Format Version 10.00
# Visual Studio 2008
Project("{F184B08F-C81C-45F6-A57F-5ABD9991F28F}") = "CleanSourcesPlus", "CleanSourcesPlus\CleanSourcesPlus.vbproj", "{F1A1AA63-11BF-41DE-839F-E3895F243B53}"
EndProject
Project("{54435603-DBB4-11D2-8724-00A0C9A8B90C}") = "CleanSourcesPlusSetup", "Setup\Setup.vdproj", "{E02BDFC0-BD8C-4156-8552-91E60B18C27C}"
EndProject
Global
	GlobalSection(SolutionConfigurationPlatforms) = preSolution
		Debug|Any CPU = Debug|Any CPU
		Release|Any CPU = Release|Any CPU
	EndGlobalSection
	GlobalSection(ProjectConfigurationPlatforms) = postSolution
		{F1A1AA63-11BF-41DE-839F-E3895F243B53}.Debug|Any CPU.ActiveCfg = Debug|Any CPU
		{F1A1AA63-11BF-41DE-839F-E3895F243B53}.Debug|Any CPU.Build.0 = Debug|Any CPU
		{F1A1AA63-11BF-41DE-839F-E3895F243B53}.Release|Any CPU.ActiveCfg = Release|Any CPU
		{F1A1AA63-11BF-41DE-839F-E3895F243B53}.Release|Any CPU.Build.0 = Release|Any CPU
		{E02BDFC0-BD8C-4156-8552-91E60B18C27C}.Debug|Any CPU.ActiveCfg = Debug
		{E02BDFC0-BD8C-4156-8552-91E60B18C27C}.Release|Any CPU.ActiveCfg = Release
		{E02BDFC0-BD8C-4156-8552-91E60B18C27C}.Release|Any CPU.Build.0 = Release
	EndGlobalSection
	GlobalSection(SolutionProperties) = preSolution
		HideSolutionNode = FALSE
	EndGlobalSection
EndGlobal
